
Microsoft Visual Studio Solution File, Format Version 12.00
# Visual Studio 14
VisualStudioVersion = 14.0.25123.0
MinimumVisualStudioVersion = 10.0.40219.1
Project("{2150E333-8FDC-42A3-9474-1A3956D46DE8}") = "src", "src", "{4389CAB8-6442-4B9C-A75E-A09C51B7D892}"
EndProject
Project("{8BB2217D-0F2D-49D1-97BC-3654ED321F3B}") = "Narato.Common", "src\Narato.Common\Narato.Common.xproj", "{7CDC2E95-33DB-4834-83BA-82930F84FD46}"
EndProject
Project("{2150E333-8FDC-42A3-9474-1A3956D46DE8}") = "tests", "tests", "{1A2C66AD-BB8B-4651-AAD3-1A7C2D0AFA58}"
EndProject
Project("{8BB2217D-0F2D-49D1-97BC-3654ED321F3B}") = "Narato.Common.Test", "tests\Narato.Common.Test\Narato.Common.Test.xproj", "{398CD175-4060-438B-84BC-AEFCB3136C8D}"
EndProject
Project("{2150E333-8FDC-42A3-9474-1A3956D46DE8}") = "Solution Items", "Solution Items", "{710DBEEB-7C5F-416F-8DD7-53E49AFB2952}"
	ProjectSection(SolutionItems) = preProject
		global.json = global.json
	EndProjectSection
EndProject
Global
	GlobalSection(SolutionConfigurationPlatforms) = preSolution
		Debug|Any CPU = Debug|Any CPU
		Release|Any CPU = Release|Any CPU
	EndGlobalSection
	GlobalSection(ProjectConfigurationPlatforms) = postSolution
		{7CDC2E95-33DB-4834-83BA-82930F84FD46}.Debug|Any CPU.ActiveCfg = Debug|Any CPU
		{7CDC2E95-33DB-4834-83BA-82930F84FD46}.Debug|Any CPU.Build.0 = Debug|Any CPU
		{7CDC2E95-33DB-4834-83BA-82930F84FD46}.Release|Any CPU.ActiveCfg = Release|Any CPU
		{7CDC2E95-33DB-4834-83BA-82930F84FD46}.Release|Any CPU.Build.0 = Release|Any CPU
		{398CD175-4060-438B-84BC-AEFCB3136C8D}.Debug|Any CPU.ActiveCfg = Debug|Any CPU
		{398CD175-4060-438B-84BC-AEFCB3136C8D}.Debug|Any CPU.Build.0 = Debug|Any CPU
		{398CD175-4060-438B-84BC-AEFCB3136C8D}.Release|Any CPU.ActiveCfg = Release|Any CPU
		{398CD175-4060-438B-84BC-AEFCB3136C8D}.Release|Any CPU.Build.0 = Release|Any CPU
	EndGlobalSection
	GlobalSection(SolutionProperties) = preSolution
		HideSolutionNode = FALSE
	EndGlobalSection
	GlobalSection(NestedProjects) = preSolution
		{7CDC2E95-33DB-4834-83BA-82930F84FD46} = {4389CAB8-6442-4B9C-A75E-A09C51B7D892}
		{398CD175-4060-438B-84BC-AEFCB3136C8D} = {1A2C66AD-BB8B-4651-AAD3-1A7C2D0AFA58}
	EndGlobalSection
EndGlobal
