
Microsoft Visual Studio Solution File, Format Version 12.00
# Visual Studio 15
VisualStudioVersion = 15.0.27130.2003
MinimumVisualStudioVersion = 10.0.40219.1
Project("{9A19103F-16F7-4668-BE54-9A1E7A4F7556}") = "Narato.Common", "src\Narato.Common\Narato.Common.csproj", "{511D5F83-E0C8-4033-BBFE-2BED8F9BE6DA}"
EndProject
Project("{2150E333-8FDC-42A3-9474-1A3956D46DE8}") = "src", "src", "{A8AD6437-6A29-47F9-A3A8-EB83632E4967}"
EndProject
Project("{2150E333-8FDC-42A3-9474-1A3956D46DE8}") = "tests", "tests", "{0E4AB034-94FA-4112-9EEB-F00AEEBA3B4A}"
EndProject
Project("{9A19103F-16F7-4668-BE54-9A1E7A4F7556}") = "Narato.Common.Test", "tests\Narato.Common.Test\Narato.Common.Test.csproj", "{3129BCAE-5D52-4617-8686-1503CEADE50C}"
EndProject
Global
	GlobalSection(SolutionConfigurationPlatforms) = preSolution
		Debug|Any CPU = Debug|Any CPU
		Release|Any CPU = Release|Any CPU
	EndGlobalSection
	GlobalSection(ProjectConfigurationPlatforms) = postSolution
		{511D5F83-E0C8-4033-BBFE-2BED8F9BE6DA}.Debug|Any CPU.ActiveCfg = Debug|Any CPU
		{511D5F83-E0C8-4033-BBFE-2BED8F9BE6DA}.Debug|Any CPU.Build.0 = Debug|Any CPU
		{511D5F83-E0C8-4033-BBFE-2BED8F9BE6DA}.Release|Any CPU.ActiveCfg = Release|Any CPU
		{511D5F83-E0C8-4033-BBFE-2BED8F9BE6DA}.Release|Any CPU.Build.0 = Release|Any CPU
		{3129BCAE-5D52-4617-8686-1503CEADE50C}.Debug|Any CPU.ActiveCfg = Debug|Any CPU
		{3129BCAE-5D52-4617-8686-1503CEADE50C}.Debug|Any CPU.Build.0 = Debug|Any CPU
		{3129BCAE-5D52-4617-8686-1503CEADE50C}.Release|Any CPU.ActiveCfg = Release|Any CPU
		{3129BCAE-5D52-4617-8686-1503CEADE50C}.Release|Any CPU.Build.0 = Release|Any CPU
	EndGlobalSection
	GlobalSection(SolutionProperties) = preSolution
		HideSolutionNode = FALSE
	EndGlobalSection
	GlobalSection(NestedProjects) = preSolution
		{511D5F83-E0C8-4033-BBFE-2BED8F9BE6DA} = {A8AD6437-6A29-47F9-A3A8-EB83632E4967}
		{3129BCAE-5D52-4617-8686-1503CEADE50C} = {0E4AB034-94FA-4112-9EEB-F00AEEBA3B4A}
	EndGlobalSection
	GlobalSection(ExtensibilityGlobals) = postSolution
		SolutionGuid = {7500292B-0CD9-4C24-A49E-3DDC225229DA}
	EndGlobalSection
EndGlobal
